{
  "nodes": {
    "nixpkgs": {
      "locked": {
        "lastModified": 1631555111,
        "narHash": "sha256-Qcgnt5qqwUk+efjVSoFU5bIUNcWQQ/lmwoPHwEC529s=",
        "owner": "tshaynik",
        "repo": "nixpkgs",
        "rev": "2edaa1213e31f4eefc9ed0b98dfb74e4f1e4db47",
        "type": "github"
      },
      "original": {
        "owner": "tshaynik",
        "ref": "jitsi-6293",
        "repo": "nixpkgs",
        "type": "github"
      }
    },
    "root": {
      "inputs": {
        "nixpkgs": "nixpkgs"
      }
    }
  },
  "root": "root",
  "version": 7
}
